
Microsoft Visual Studio Solution File, Format Version 12.00
# Visual Studio Version 16
VisualStudioVersion = 16.0.29709.97
MinimumVisualStudioVersion = 10.0.40219.1
Project("{FAE04EC0-301F-11D3-BF4B-00C04F79EFBC}") = "AppMvc", "AppMvc\AppMvc.csproj", "{4179FC0C-2C14-4CA5-AFBF-B5DFEDB68717}"
EndProject
Project("{FAE04EC0-301F-11D3-BF4B-00C04F79EFBC}") = "AppApi", "AppApi\AppApi.csproj", "{80FA8A7C-79DD-424B-9C92-B5ACE35E0FF7}"
EndProject
Global
	GlobalSection(SolutionConfigurationPlatforms) = preSolution
		Debug|Any CPU = Debug|Any CPU
		Release|Any CPU = Release|Any CPU
	EndGlobalSection
	GlobalSection(ProjectConfigurationPlatforms) = postSolution
		{4179FC0C-2C14-4CA5-AFBF-B5DFEDB68717}.Debug|Any CPU.ActiveCfg = Debug|Any CPU
		{4179FC0C-2C14-4CA5-AFBF-B5DFEDB68717}.Debug|Any CPU.Build.0 = Debug|Any CPU
		{4179FC0C-2C14-4CA5-AFBF-B5DFEDB68717}.Release|Any CPU.ActiveCfg = Release|Any CPU
		{4179FC0C-2C14-4CA5-AFBF-B5DFEDB68717}.Release|Any CPU.Build.0 = Release|Any CPU
		{80FA8A7C-79DD-424B-9C92-B5ACE35E0FF7}.Debug|Any CPU.ActiveCfg = Debug|Any CPU
		{80FA8A7C-79DD-424B-9C92-B5ACE35E0FF7}.Debug|Any CPU.Build.0 = Debug|Any CPU
		{80FA8A7C-79DD-424B-9C92-B5ACE35E0FF7}.Release|Any CPU.ActiveCfg = Release|Any CPU
		{80FA8A7C-79DD-424B-9C92-B5ACE35E0FF7}.Release|Any CPU.Build.0 = Release|Any CPU
	EndGlobalSection
	GlobalSection(SolutionProperties) = preSolution
		HideSolutionNode = FALSE
	EndGlobalSection
	GlobalSection(ExtensibilityGlobals) = postSolution
		SolutionGuid = {39BF2E93-467B-49AA-A40E-ADCA3988A6AD}
	EndGlobalSection
EndGlobal
